
Microsoft Visual Studio Solution File, Format Version 12.00
# Visual Studio Version 17
VisualStudioVersion = 17.0.31903.59
MinimumVisualStudioVersion = 10.0.40219.1
Project("{FAE04EC0-301F-11D3-BF4B-00C04F79EFBC}") = "ArlequimTest.Api", "ArlequimTest.Api\ArlequimTest.Api.csproj", "{4FB3AC4D-C3E9-4A07-9155-66A7E179946A}"
EndProject
Project("{FAE04EC0-301F-11D3-BF4B-00C04F79EFBC}") = "ArlequimTest.Tests", "ArlequimTest.Tests\ArlequimTest.Tests.csproj", "{8548B16F-F99E-4259-85B3-E35282711381}"
EndProject
Project("{2150E333-8FDC-42A3-9474-1A3956D46DE8}") = "Solution Items", "Solution Items", "{8EC462FD-D22E-90A8-E5CE-7E832BA40C5D}"
	ProjectSection(SolutionItems) = preProject
		docker-compose.yml = docker-compose.yml
		Dockerfile = Dockerfile
	EndProjectSection
EndProject
Project("{2150E333-8FDC-42A3-9474-1A3956D46DE8}") = ".github", ".github", "{02EA681E-C7D8-13C7-8484-4AC65E1B71E8}"
EndProject
Project("{2150E333-8FDC-42A3-9474-1A3956D46DE8}") = "workflows", "workflows", "{102001B1-756D-4D8D-AB04-90A3B7305EAF}"
	ProjectSection(SolutionItems) = preProject
		tests.yaml = tests.yaml
	EndProjectSection
EndProject
Global
	GlobalSection(SolutionConfigurationPlatforms) = preSolution
		Debug|Any CPU = Debug|Any CPU
		Debug|x64 = Debug|x64
		Debug|x86 = Debug|x86
		Release|Any CPU = Release|Any CPU
		Release|x64 = Release|x64
		Release|x86 = Release|x86
	EndGlobalSection
	GlobalSection(ProjectConfigurationPlatforms) = postSolution
		{4FB3AC4D-C3E9-4A07-9155-66A7E179946A}.Debug|Any CPU.ActiveCfg = Debug|Any CPU
		{4FB3AC4D-C3E9-4A07-9155-66A7E179946A}.Debug|Any CPU.Build.0 = Debug|Any CPU
		{4FB3AC4D-C3E9-4A07-9155-66A7E179946A}.Debug|x64.ActiveCfg = Debug|Any CPU
		{4FB3AC4D-C3E9-4A07-9155-66A7E179946A}.Debug|x64.Build.0 = Debug|Any CPU
		{4FB3AC4D-C3E9-4A07-9155-66A7E179946A}.Debug|x86.ActiveCfg = Debug|Any CPU
		{4FB3AC4D-C3E9-4A07-9155-66A7E179946A}.Debug|x86.Build.0 = Debug|Any CPU
		{4FB3AC4D-C3E9-4A07-9155-66A7E179946A}.Release|Any CPU.ActiveCfg = Release|Any CPU
		{4FB3AC4D-C3E9-4A07-9155-66A7E179946A}.Release|Any CPU.Build.0 = Release|Any CPU
		{4FB3AC4D-C3E9-4A07-9155-66A7E179946A}.Release|x64.ActiveCfg = Release|Any CPU
		{4FB3AC4D-C3E9-4A07-9155-66A7E179946A}.Release|x64.Build.0 = Release|Any CPU
		{4FB3AC4D-C3E9-4A07-9155-66A7E179946A}.Release|x86.ActiveCfg = Release|Any CPU
		{4FB3AC4D-C3E9-4A07-9155-66A7E179946A}.Release|x86.Build.0 = Release|Any CPU
		{8548B16F-F99E-4259-85B3-E35282711381}.Debug|Any CPU.ActiveCfg = Debug|Any CPU
		{8548B16F-F99E-4259-85B3-E35282711381}.Debug|Any CPU.Build.0 = Debug|Any CPU
		{8548B16F-F99E-4259-85B3-E35282711381}.Debug|x64.ActiveCfg = Debug|Any CPU
		{8548B16F-F99E-4259-85B3-E35282711381}.Debug|x64.Build.0 = Debug|Any CPU
		{8548B16F-F99E-4259-85B3-E35282711381}.Debug|x86.ActiveCfg = Debug|Any CPU
		{8548B16F-F99E-4259-85B3-E35282711381}.Debug|x86.Build.0 = Debug|Any CPU
		{8548B16F-F99E-4259-85B3-E35282711381}.Release|Any CPU.ActiveCfg = Release|Any CPU
		{8548B16F-F99E-4259-85B3-E35282711381}.Release|Any CPU.Build.0 = Release|Any CPU
		{8548B16F-F99E-4259-85B3-E35282711381}.Release|x64.ActiveCfg = Release|Any CPU
		{8548B16F-F99E-4259-85B3-E35282711381}.Release|x64.Build.0 = Release|Any CPU
		{8548B16F-F99E-4259-85B3-E35282711381}.Release|x86.ActiveCfg = Release|Any CPU
		{8548B16F-F99E-4259-85B3-E35282711381}.Release|x86.Build.0 = Release|Any CPU
	EndGlobalSection
	GlobalSection(SolutionProperties) = preSolution
		HideSolutionNode = FALSE
	EndGlobalSection
	GlobalSection(NestedProjects) = preSolution
		{102001B1-756D-4D8D-AB04-90A3B7305EAF} = {02EA681E-C7D8-13C7-8484-4AC65E1B71E8}
	EndGlobalSection
	GlobalSection(ExtensibilityGlobals) = postSolution
		SolutionGuid = {7010BFA6-83E6-4912-ACF8-36A3A1A28228}
	EndGlobalSection
EndGlobal
